
Microsoft Visual Studio Solution File, Format Version 12.00
# Visual Studio Version 16
VisualStudioVersion = 16.0.810.3
MinimumVisualStudioVersion = 10.0.40219.1
Project("{FAE04EC0-301F-11D3-BF4B-00C04F79EFBC}") = "MarsRovers", "MarsRovers.csproj", "{CD055F37-B6BB-4013-931E-929DC294B972}"
EndProject
Global
	GlobalSection(SolutionConfigurationPlatforms) = preSolution
		Debug|Any CPU = Debug|Any CPU
		Release|Any CPU = Release|Any CPU
	EndGlobalSection
	GlobalSection(ProjectConfigurationPlatforms) = postSolution
		{CD055F37-B6BB-4013-931E-929DC294B972}.Debug|Any CPU.ActiveCfg = Debug|Any CPU
		{CD055F37-B6BB-4013-931E-929DC294B972}.Debug|Any CPU.Build.0 = Debug|Any CPU
		{CD055F37-B6BB-4013-931E-929DC294B972}.Release|Any CPU.ActiveCfg = Release|Any CPU
		{CD055F37-B6BB-4013-931E-929DC294B972}.Release|Any CPU.Build.0 = Release|Any CPU
	EndGlobalSection
	GlobalSection(SolutionProperties) = preSolution
		HideSolutionNode = FALSE
	EndGlobalSection
	GlobalSection(ExtensibilityGlobals) = postSolution
		SolutionGuid = {41ACE8C0-C36A-47E6-B743-994F2DA7BDE3}
	EndGlobalSection
EndGlobal
